{
  "version": 2,
  "dependencies": {
    ".NETStandard,Version=v2.1": {
      "bblanchon.PDFium.Linux": {
        "type": "Direct",
        "requested": "[155.0.8044, )",
        "resolved": "155.0.8044",
        "contentHash": "RIVbKZkwbcSNgGZRODi9Z5HBp4z5+poAt9W779P2TslXCtzhrpzi+LEOtPJzPiA+Hh234DPPI7e15E4ZO/d+Tw=="
      },
      "bblanchon.PDFium.macOS": {
        "type": "Direct",
        "requested": "[155.0.8044, )",
        "resolved": "155.0.8044",
        "contentHash": "WDOy36XgQQCT3DY5QdPzSpo0kyhIMb2ArJdsAtU0El7IgJ3ACiZlO5o5s15kSHsEjUQxu0oSwBD/Vz51fKjpGQ=="
      },
      "bblanchon.PDFium.Win32": {
        "type": "Direct",
        "requested": "[155.0.8044, )",
        "resolved": "155.0.8044",
        "contentHash": "TBqSYojufnh6IvzIZmsWrNwuHXMtk47AYxQPcUzVVSE971dz/dyQkdal6Z4CpFEstTE6n387NU98XYGVZCcKWA=="
      },
      "SkiaSharp": {
        "type": "Direct",
        "requested": "[4.152.0, )",
        "resolved": "4.152.0",
        "contentHash": "TfYpxUV/Ihe5WyGeddJROZA2RhfGaSEKKNDHhREUVCVihtTlcavHQEi29Q0Mtn37AYXAf7EbC+StVPmWk63tkQ==",
        "dependencies": {
          "SkiaSharp.NativeAssets.Win32": "4.152.0",
          "SkiaSharp.NativeAssets.macOS": "4.152.0",
          "System.Runtime.CompilerServices.Unsafe": "6.1.2"
        }
      },
      "SkiaSharp.NativeAssets.Linux.NoDependencies": {
        "type": "Direct",
        "requested": "[4.152.0, )",
        "resolved": "4.152.0",
        "contentHash": "QKTenuh6rbHzX8kJSwPnB2DkLVayNMqsLXfC9P1BQEA4UviA2wOTIUQoeNtRzYHw+Uf6tn4zmdrEH6IuyJQUPg=="
      },
      "SkiaSharp.NativeAssets.macOS": {
        "type": "Direct",
        "requested": "[4.152.0, )",
        "resolved": "4.152.0",
        "contentHash": "Vjx2sPleQDJXQjINxMzHaIU1KFyYAUerfBnwLAjMGSUCf0vCrSU2Y4LvCH0yAheeuu0YdlVfeSMiCKZYVJ12kA=="
      },
      "SkiaSharp.NativeAssets.Win32": {
        "type": "Direct",
        "requested": "[4.152.0, )",
        "resolved": "4.152.0",
        "contentHash": "PfyLS6TRP/9YghtW97le8bkzootCietlt7QUqFKGjGcZ6eRjeWNNHCjvxO41O/LYpV4gCthp2xiiUiYTOqfVyA=="
      },
      "System.Threading.Channels": {
        "type": "Direct",
        "requested": "[10.0.12, )",
        "resolved": "10.0.12",
        "contentHash": "/iUnzLpSBUUnnIHj/jSjhyEqhgm2eo/D2SF1Ga9ojuMqsua+QwKqByukl0UA9/Rth+P0sVJhXZojzgpV0A5Kdw=="
      },
      "System.Runtime.CompilerServices.Unsafe": {
        "type": "Transitive",
        "resolved": "6.1.2",
        "contentHash": "2hBr6zdbIBTDE3EhK7NSVNdX58uTK6iHW/P/Axmm9sl1xoGSLqDvMtpecn226TNwHByFokYwJmt/aQQNlO5CRw=="
      }
    }
  }
}