{
  "version": 2,
  "dependencies": {
    ".NETStandard,Version=v2.1": {
      "bblanchon.PDFium.Linux": {
        "type": "Direct",
        "requested": "[156.0.8076, )",
        "resolved": "156.0.8076",
        "contentHash": "413fLxjGE6Wi/r1U1sBQ7mzIRcCOfo8PRt7y+7NMDGG9sRD77Q6UcqtSLbXSsKonfy6QJJjIrisEY+Wyw3neeA=="
      },
      "bblanchon.PDFium.macOS": {
        "type": "Direct",
        "requested": "[156.0.8076, )",
        "resolved": "156.0.8076",
        "contentHash": "Q01czvrzEWcnHA7K3bfGDhenSlrsO21ziWaSVSq8QLLox0ygwpQM23PAhrEn56Js9vrUYWS8z4pioOWC/b9s1Q=="
      },
      "bblanchon.PDFium.Win32": {
        "type": "Direct",
        "requested": "[156.0.8076, )",
        "resolved": "156.0.8076",
        "contentHash": "nWP8z9PAK1ArGUGPoYgSsRL8sFkgvVgOrlv82CjEPGpXdtSg/ctCr/Xe8aDI8k2nk3mXvYWGnOlZsRIA7IxupQ=="
      },
      "SkiaSharp": {
        "type": "Direct",
        "requested": "[4.153.1, )",
        "resolved": "4.153.1",
        "contentHash": "TghYLOUaP3q6rTjQw7U9uQaaXh8lEs9rfA1U7/VtmyAptVDtj/SmjtcWzFWmcC/VMWxe3QgbV9uyvqDL7ySFtQ==",
        "dependencies": {
          "SkiaSharp.NativeAssets.Win32": "4.153.1",
          "SkiaSharp.NativeAssets.macOS": "4.153.1",
          "System.Runtime.CompilerServices.Unsafe": "6.1.2"
        }
      },
      "SkiaSharp.NativeAssets.Linux.NoDependencies": {
        "type": "Direct",
        "requested": "[4.153.1, )",
        "resolved": "4.153.1",
        "contentHash": "NrnPjcxjcRau4GMOY0BTpUdMey+MnmLU3jC5AuExEFHPS2NkX1tdkXW0n/c5nQMMHBTAMpHnt7qEOpXs2FNfIQ=="
      },
      "SkiaSharp.NativeAssets.macOS": {
        "type": "Direct",
        "requested": "[4.153.1, )",
        "resolved": "4.153.1",
        "contentHash": "YTojWeWIhnpF7uC8vpMxB5wRONKkDB2t3r/nNPA3DL2pgj9fqMXRevA/rIanYazWnco4jo1ufgp3HkXuh1Tz8A=="
      },
      "SkiaSharp.NativeAssets.Win32": {
        "type": "Direct",
        "requested": "[4.153.1, )",
        "resolved": "4.153.1",
        "contentHash": "Yqg6rChTVh0BUE8QQxtOA3uUBnihfgID4yex/AvDa0+os2bVcBjmI3Qj9tnOB+R1hd/Jry1Gwl8qw5JI9HZG8Q=="
      },
      "System.Threading.Channels": {
        "type": "Direct",
        "requested": "[10.0.12, )",
        "resolved": "10.0.12",
        "contentHash": "/iUnzLpSBUUnnIHj/jSjhyEqhgm2eo/D2SF1Ga9ojuMqsua+QwKqByukl0UA9/Rth+P0sVJhXZojzgpV0A5Kdw=="
      },
      "System.Runtime.CompilerServices.Unsafe": {
        "type": "Transitive",
        "resolved": "6.1.2",
        "contentHash": "2hBr6zdbIBTDE3EhK7NSVNdX58uTK6iHW/P/Axmm9sl1xoGSLqDvMtpecn226TNwHByFokYwJmt/aQQNlO5CRw=="
      }
    }
  }
}