{
  "version": 2,
  "dependencies": {
    ".NETStandard,Version=v2.1": {
      "bblanchon.PDFium.Linux": {
        "type": "Direct",
        "requested": "[152.0.7961, )",
        "resolved": "152.0.7961",
        "contentHash": "80m1PwszVp53avI/l+BCov8/6jl7B2FU+hQNTSrApMrkwKcCSRDHkXYYrGYsxpc8NAs/44tyrEQdCfX1yRzPhw=="
      },
      "bblanchon.PDFium.macOS": {
        "type": "Direct",
        "requested": "[152.0.7961, )",
        "resolved": "152.0.7961",
        "contentHash": "GaBNtpfoiYbXTi9WLeEWSxWi2zG9kJMfuDMF7AH4kK0zjXz3C/Qg9epKIZKN3nfPaS48Qy3uV2VM14QBI/iAGg=="
      },
      "bblanchon.PDFium.Win32": {
        "type": "Direct",
        "requested": "[152.0.7961, )",
        "resolved": "152.0.7961",
        "contentHash": "E6m7Y/OZ/eySQBy4drjDCF6pspBdp2PaF6vC04K1BgGbS8UtXOdL0SnReg3zE309hBZ6U/ZDMys9QE5VhBzDDQ=="
      },
      "SkiaSharp": {
        "type": "Direct",
        "requested": "[4.151.0, )",
        "resolved": "4.151.0",
        "contentHash": "2gObGpRfF0R/1AZiR3YlOjVnlQIOQHAbwFe/fVMfDTnge4yIzEA7rECCbEuEgfGnbThk17pWp+HLhGtETRWOBQ==",
        "dependencies": {
          "SkiaSharp.NativeAssets.Win32": "4.151.0",
          "SkiaSharp.NativeAssets.macOS": "4.151.0",
          "System.Runtime.CompilerServices.Unsafe": "6.1.2"
        }
      },
      "SkiaSharp.NativeAssets.Linux.NoDependencies": {
        "type": "Direct",
        "requested": "[4.151.0, )",
        "resolved": "4.151.0",
        "contentHash": "hpwqnuIVEkdd9WuuidNx9FKAlXphkO287JXn0p+XbiUxQmHfBmFUgnA9+zh/0bMkItSdOwfW200oSa1CkKnAOA=="
      },
      "SkiaSharp.NativeAssets.macOS": {
        "type": "Direct",
        "requested": "[4.151.0, )",
        "resolved": "4.151.0",
        "contentHash": "6MgPBabP9nr8RBleN+UJx8fP8OXjpsqvCzCtmIMlWRtKdk+8f2Ph4Jz6DcclBL0/zie7HPkStb63wDguzG98HA=="
      },
      "SkiaSharp.NativeAssets.Win32": {
        "type": "Direct",
        "requested": "[4.151.0, )",
        "resolved": "4.151.0",
        "contentHash": "YmpiHa/k+Cvfsr9yaKMdcv+nzYkqDLGxmESzqvMqNuhbIosMt+JnxqlZ/7YZuBnPVXWvrIIFIk626Gof87RzvQ=="
      },
      "System.Threading.Channels": {
        "type": "Direct",
        "requested": "[10.0.10, )",
        "resolved": "10.0.10",
        "contentHash": "O4jTqxreMrNt9vYzPF4jQkbVNjRBrQPye5N9IYMcBpKWbCiKnnCz+I72I4jBGuGbDaadH9Lz5vrelFrvViW9Ow=="
      },
      "System.Runtime.CompilerServices.Unsafe": {
        "type": "Transitive",
        "resolved": "6.1.2",
        "contentHash": "2hBr6zdbIBTDE3EhK7NSVNdX58uTK6iHW/P/Axmm9sl1xoGSLqDvMtpecn226TNwHByFokYwJmt/aQQNlO5CRw=="
      }
    }
  }
}